
Microsoft Visual Studio Solution File, Format Version 12.00
# Visual Studio 15
VisualStudioVersion = 15.0.28307.168
MinimumVisualStudioVersion = 10.0.40219.1
Project("{FAE04EC0-301F-11D3-BF4B-00C04F79EFBC}") = "CollegeManagement", "ClientSystem\CollegeManagement.csproj", "{2D3347C9-E86F-44F9-A2C6-E11B0F8E8B4C}"
EndProject
Global
	GlobalSection(SolutionConfigurationPlatforms) = preSolution
		Debug|Any CPU = Debug|Any CPU
		Release|Any CPU = Release|Any CPU
	EndGlobalSection
	GlobalSection(ProjectConfigurationPlatforms) = postSolution
		{2D3347C9-E86F-44F9-A2C6-E11B0F8E8B4C}.Debug|Any CPU.ActiveCfg = Debug|Any CPU
		{2D3347C9-E86F-44F9-A2C6-E11B0F8E8B4C}.Debug|Any CPU.Build.0 = Debug|Any CPU
		{2D3347C9-E86F-44F9-A2C6-E11B0F8E8B4C}.Release|Any CPU.ActiveCfg = Release|Any CPU
		{2D3347C9-E86F-44F9-A2C6-E11B0F8E8B4C}.Release|Any CPU.Build.0 = Release|Any CPU
	EndGlobalSection
	GlobalSection(SolutionProperties) = preSolution
		HideSolutionNode = FALSE
	EndGlobalSection
	GlobalSection(ExtensibilityGlobals) = postSolution
		SolutionGuid = {4F1D0FD0-9E33-44DE-BB30-5C482CCE256E}
	EndGlobalSection
EndGlobal
